// !$*UTF8*$!
{
	archiveVersion = 1;
	classes = {
	};
	objectVersion = 55;
	objects = {

/* Begin PBXBuildFile section */
		8DDB60E427ADD52A002AC892 /* AppDelegate.swift in Sources */ = {isa = PBXBuildFile; fileRef = 8DDB60E327ADD52A002AC892 /* AppDelegate.swift */; };
		8DDB60E627ADD52A002AC892 /* SceneDelegate.swift in Sources */ = {isa = PBXBuildFile; fileRef = 8DDB60E527ADD52A002AC892 /* SceneDelegate.swift */; };
		8DDB60E827ADD52A002AC892 /* ViewController.swift in Sources */ = {isa = PBXBuildFile; fileRef = 8DDB60E727ADD52A002AC892 /* ViewController.swift */; };
		8DDB60EB27ADD52A002AC892 /* Main.storyboard in Resources */ = {isa = PBXBuildFile; fileRef = 8DDB60E927ADD52A002AC892 /* Main.storyboard */; };
		8DDB60ED27ADD52C002AC892 /* Assets.xcassets in Resources */ = {isa = PBXBuildFile; fileRef = 8DDB60EC27ADD52C002AC892 /* Assets.xcassets */; };
		8DDB60F027ADD52C002AC892 /* LaunchScreen.storyboard in Resources */ = {isa = PBXBuildFile; fileRef = 8DDB60EE27ADD52C002AC892 /* LaunchScreen.storyboard */; };
		8DDB60FB27ADD52C002AC892 /* HackwichThreeTests.swift in Sources */ = {isa = PBXBuildFile; fileRef = 8DDB60FA27ADD52C002AC892 /* HackwichThreeTests.swift */; };
		8DDB610527ADD52C002AC892 /* HackwichThreeUITests.swift in Sources */ = {isa = PBXBuildFile; fileRef = 8DDB610427ADD52C002AC892 /* HackwichThreeUITests.swift */; };
		8DDB610727ADD52C002AC892 /* HackwichThreeUITestsLaunchTests.swift in Sources */ = {isa = PBXBuildFile; fileRef = 8DDB610627ADD52C002AC892 /* HackwichThreeUITestsLaunchTests.swift */; };
/* End PBXBuildFile section */

/* Begin PBXContainerItemProxy section */
		8DDB60F727ADD52C002AC892 /* PBXContainerItemProxy */ = {
			isa = PBXContainerItemProxy;
			containerPortal = 8DDB60D827ADD52A002AC892 /* Project object */;
			proxyType = 1;
			remoteGlobalIDString = 8DDB60DF27ADD52A002AC892;
			remoteInfo = HackwichThree;
		};
		8DDB610127ADD52C002AC892 /* PBXContainerItemProxy */ = {
			isa = PBXContainerItemProxy;
			containerPortal = 8DDB60D827ADD52A002AC892 /* Project object */;
			proxyType = 1;
			remoteGlobalIDString = 8DDB60DF27ADD52A002AC892;
			remoteInfo = HackwichThree;
		};
/* End PBXContainerItemProxy section */

/* Begin PBXFileReference section */
		8DDB60E027ADD52A002AC892 /* HackwichThree.app */ = {isa = PBXFileReference; explicitFileType = wrapper.application; includeInIndex = 0; path = HackwichThree.app; sourceTree = BUILT_PRODUCTS_DIR; };
		8DDB60E327ADD52A002AC892 /* AppDelegate.swift */ = {isa = PBXFileReference; lastKnownFileType = sourcecode.swift; path = AppDelegate.swift; sourceTree = "<group>"; };
		8DDB60E527ADD52A002AC892 /* SceneDelegate.swift */ = {isa = PBXFileReference; lastKnownFileType = sourcecode.swift; path = SceneDelegate.swift; sourceTree = "<group>"; };
		8DDB60E727ADD52A002AC892 /* ViewController.swift */ = {isa = PBXFileReference; lastKnownFileType = sourcecode.swift; path = ViewController.swift; sourceTree = "<group>"; };
		8DDB60EA27ADD52A002AC892 /* Base */ = {isa = PBXFileReference; lastKnownFileType = file.storyboard; name = Base; path = Base.lproj/Main.storyboard; sourceTree = "<group>"; };
		8DDB60EC27ADD52C002AC892 /* Assets.xcassets */ = {isa = PBXFileReference; lastKnownFileType = folder.assetcatalog; path = Assets.xcassets; sourceTree = "<group>"; };
		8DDB60EF27ADD52C002AC892 /* Base */ = {isa = PBXFileReference; lastKnownFileType = file.storyboard; name = Base; path = Base.lproj/LaunchScreen.storyboard; sourceTree = "<group>"; };
		8DDB60F127ADD52C002AC892 /* Info.plist */ = {isa = PBXFileReference; lastKnownFileType = text.plist.xml; path = Info.plist; sourceTree = "<group>"; };
		8DDB60F627ADD52C002AC892 /* HackwichThreeTests.xctest */ = {isa = PBXFileReference; explicitFileType = wrapper.cfbundle; includeInIndex = 0; path = HackwichThreeTests.xctest; sourceTree = BUILT_PRODUCTS_DIR; };
		8DDB60FA27ADD52C002AC892 /* HackwichThreeTests.swift */ = {isa = PBXFileReference; lastKnownFileType = sourcecode.swift; path = HackwichThreeTests.swift; sourceTree = "<group>"; };
		8DDB610027ADD52C002AC892 /* HackwichThreeUITests.xctest */ = {isa = PBXFileReference; explicitFileType = wrapper.cfbundle; includeInIndex = 0; path = HackwichThreeUITests.xctest; sourceTree = BUILT_PRODUCTS_DIR; };
		8DDB610427ADD52C002AC892 /* HackwichThreeUITests.swift */ = {isa = PBXFileReference; lastKnownFileType = sourcecode.swift; path = HackwichThreeUITests.swift; sourceTree = "<group>"; };
		8DDB610627ADD52C002AC892 /* HackwichThreeUITestsLaunchTests.swift */ = {isa = PBXFileReference; lastKnownFileType = sourcecode.swift; path = HackwichThreeUITestsLaunchTests.swift; sourceTree = "<group>"; };
/* End PBXFileReference section */

/* Begin PBXFrameworksBuildPhase section */
		8DDB60DD27ADD52A002AC892 /* Frameworks */ = {
			isa = PBXFrameworksBuildPhase;
			buildActionMask = 2147483647;
			files = (
			);
			runOnlyForDeploymentPostprocessing = 0;
		};
		8DDB60F327ADD52C002AC892 /* Frameworks */ = {
			isa = PBXFrameworksBuildPhase;
			buildActionMask = 2147483647;
			files = (
			);
			runOnlyForDeploymentPostprocessing = 0;
		};
		8DDB60FD27ADD52C002AC892 /* Frameworks */ = {
			isa = PBXFrameworksBuildPhase;
			buildActionMask = 2147483647;
			files = (
			);
			runOnlyForDeploymentPostprocessing = 0;
		};
/* End PBXFrameworksBuildPhase section */

/* Begin PBXGroup section */
		8DDB60D727ADD52A002AC892 = {
			isa = PBXGroup;
			children = (
				8DDB60E227ADD52A002AC892 /* HackwichThree */,
				8DDB60F927ADD52C002AC892 /* HackwichThreeTests */,
				8DDB610327ADD52C002AC892 /* HackwichThreeUITests */,
				8DDB60E127ADD52A002AC892 /* Products */,
			);
			sourceTree = "<group>";
		};
		8DDB60E127ADD52A002AC892 /* Products */ = {
			isa = PBXGroup;
			children = (
				8DDB60E027ADD52A002AC892 /* HackwichThree.app */,
				8DDB60F627ADD52C002AC892 /* HackwichThreeTests.xctest */,
				8DDB610027ADD52C002AC892 /* HackwichThreeUITests.xctest */,
			);
			name = Products;
			sourceTree = "<group>";
		};
		8DDB60E227ADD52A002AC892 /* HackwichThree */ = {
			isa = PBXGroup;
			children = (
				8DDB60E327ADD52A002AC892 /* AppDelegate.swift */,
				8DDB60E527ADD52A002AC892 /* SceneDelegate.swift */,
				8DDB60E727ADD52A002AC892 /* ViewController.swift */,
				8DDB60E927ADD52A002AC892 /* Main.storyboard */,
				8DDB60EC27ADD52C002AC892 /* Assets.xcassets */,
				8DDB60EE27ADD52C002AC892 /* LaunchScreen.storyboard */,
				8DDB60F127ADD52C002AC892 /* Info.plist */,
			);
			path = HackwichThree;
			sourceTree = "<group>";
		};
		8DDB60F927ADD52C002AC892 /* HackwichThreeTests */ = {
			isa = PBXGroup;
			children = (
				8DDB60FA27ADD52C002AC892 /* HackwichThreeTests.swift */,
			);
			path = HackwichThreeTests;
			sourceTree = "<group>";
		};
		8DDB610327ADD52C002AC892 /* HackwichThreeUITests */ = {
			isa = PBXGroup;
			children = (
				8DDB610427ADD52C002AC892 /* HackwichThreeUITests.swift */,
				8DDB610627ADD52C002AC892 /* HackwichThreeUITestsLaunchTests.swift */,
			);
			path = HackwichThreeUITests;
			sourceTree = "<group>";
		};
/* End PBXGroup section */

/* Begin PBXNativeTarget section */
		8DDB60DF27ADD52A002AC892 /* HackwichThree */ = {
			isa = PBXNativeTarget;
			buildConfigurationList = 8DDB610A27ADD52C002AC892 /* Build configuration list for PBXNativeTarget "HackwichThree" */;
			buildPhases = (
				8DDB60DC27ADD52A002AC892 /* Sources */,
				8DDB60DD27ADD52A002AC892 /* Frameworks */,
				8DDB60DE27ADD52A002AC892 /* Resources */,
			);
			buildRules = (
			);
			dependencies = (
			);
			name = HackwichThree;
			productName = HackwichThree;
			productReference = 8DDB60E027ADD52A002AC892 /* HackwichThree.app */;
			productType = "com.apple.product-type.application";
		};
		8DDB60F527ADD52C002AC892 /* HackwichThreeTests */ = {
			isa = PBXNativeTarget;
			buildConfigurationList = 8DDB610D27ADD52C002AC892 /* Build configuration list for PBXNativeTarget "HackwichThreeTests" */;
			buildPhases = (
				8DDB60F227ADD52C002AC892 /* Sources */,
				8DDB60F327ADD52C002AC892 /* Frameworks */,
				8DDB60F427ADD52C002AC892 /* Resources */,
			);
			buildRules = (
			);
			dependencies = (
				8DDB60F827ADD52C002AC892 /* PBXTargetDependency */,
			);
			name = HackwichThreeTests;
			productName = HackwichThreeTests;
			productReference = 8DDB60F627ADD52C002AC892 /* HackwichThreeTests.xctest */;
			productType = "com.apple.product-type.bundle.unit-test";
		};
		8DDB60FF27ADD52C002AC892 /* HackwichThreeUITests */ = {
			isa = PBXNativeTarget;
			buildConfigurationList = 8DDB611027ADD52C002AC892 /* Build configuration list for PBXNativeTarget "HackwichThreeUITests" */;
			buildPhases = (
				8DDB60FC27ADD52C002AC892 /* Sources */,
				8DDB60FD27ADD52C002AC892 /* Frameworks */,
				8DDB60FE27ADD52C002AC892 /* Resources */,
			);
			buildRules = (
			);
			dependencies = (
				8DDB610227ADD52C002AC892 /* PBXTargetDependency */,
			);
			name = HackwichThreeUITests;
			productName = HackwichThreeUITests;
			productReference = 8DDB610027ADD52C002AC892 /* HackwichThreeUITests.xctest */;
			productType = "com.apple.product-type.bundle.ui-testing";
		};
/* End PBXNativeTarget section */

/* Begin PBXProject section */
		8DDB60D827ADD52A002AC892 /* Project object */ = {
			isa = PBXProject;
			attributes = {
				BuildIndependentTargetsInParallel = 1;
				LastSwiftUpdateCheck = 1320;
				LastUpgradeCheck = 1320;
				TargetAttributes = {
					8DDB60DF27ADD52A002AC892 = {
						CreatedOnToolsVersion = 13.2.1;
					};
					8DDB60F527ADD52C002AC892 = {
						CreatedOnToolsVersion = 13.2.1;
						TestTargetID = 8DDB60DF27ADD52A002AC892;
					};
					8DDB60FF27ADD52C002AC892 = {
						CreatedOnToolsVersion = 13.2.1;
						TestTargetID = 8DDB60DF27ADD52A002AC892;
					};
				};
			};
			buildConfigurationList = 8DDB60DB27ADD52A002AC892 /* Build configuration list for PBXProject "HackwichThree" */;
			compatibilityVersion = "Xcode 13.0";
			developmentRegion = en;
			hasScannedForEncodings = 0;
			knownRegions = (
				en,
				Base,
			);
			mainGroup = 8DDB60D727ADD52A002AC892;
			productRefGroup = 8DDB60E127ADD52A002AC892 /* Products */;
			projectDirPath = "";
			projectRoot = "";
			targets = (
				8DDB60DF27ADD52A002AC892 /* HackwichThree */,
				8DDB60F527ADD52C002AC892 /* HackwichThreeTests */,
				8DDB60FF27ADD52C002AC892 /* HackwichThreeUITests */,
			);
		};
/* End PBXProject section */

/* Begin PBXResourcesBuildPhase section */
		8DDB60DE27ADD52A002AC892 /* Resources */ = {
			isa = PBXResourcesBuildPhase;
			buildActionMask = 2147483647;
			files = (
				8DDB60F027ADD52C002AC892 /* LaunchScreen.storyboard in Resources */,
				8DDB60ED27ADD52C002AC892 /* Assets.xcassets in Resources */,
				8DDB60EB27ADD52A002AC892 /* Main.storyboard in Resources */,
			);
			runOnlyForDeploymentPostprocessing = 0;
		};
		8DDB60F427ADD52C002AC892 /* Resources */ = {
			isa = PBXResourcesBuildPhase;
			buildActionMask = 2147483647;
			files = (
			);
			runOnlyForDeploymentPostprocessing = 0;
		};
		8DDB60FE27ADD52C002AC892 /* Resources */ = {
			isa = PBXResourcesBuildPhase;
			buildActionMask = 2147483647;
			files = (
			);
			runOnlyForDeploymentPostprocessing = 0;
		};
/* End PBXResourcesBuildPhase section */

/* Begin PBXSourcesBuildPhase section */
		8DDB60DC27ADD52A002AC892 /* Sources */ = {
			isa = PBXSourcesBuildPhase;
			buildActionMask = 2147483647;
			files = (
				8DDB60E827ADD52A002AC892 /* ViewController.swift in Sources */,
				8DDB60E427ADD52A002AC892 /* AppDelegate.swift in Sources */,
				8DDB60E627ADD52A002AC892 /* SceneDelegate.swift in Sources */,
			);
			runOnlyForDeploymentPostprocessing = 0;
		};
		8DDB60F227ADD52C002AC892 /* Sources */ = {
			isa = PBXSourcesBuildPhase;
			buildActionMask = 2147483647;
			files = (
				8DDB60FB27ADD52C002AC892 /* HackwichThreeTests.swift in Sources */,
			);
			runOnlyForDeploymentPostprocessing = 0;
		};
		8DDB60FC27ADD52C002AC892 /* Sources */ = {
			isa = PBXSourcesBuildPhase;
			buildActionMask = 2147483647;
			files = (
				8DDB610527ADD52C002AC892 /* HackwichThreeUITests.swift in Sources */,
				8DDB610727ADD52C002AC892 /* HackwichThreeUITestsLaunchTests.swift in Sources */,
			);
			runOnlyForDeploymentPostprocessing = 0;
		};
/* End PBXSourcesBuildPhase section */

/* Begin PBXTargetDependency section */
		8DDB60F827ADD52C002AC892 /* PBXTargetDependency */ = {
			isa = PBXTargetDependency;
			target = 8DDB60DF27ADD52A002AC892 /* HackwichThree */;
			targetProxy = 8DDB60F727ADD52C002AC892 /* PBXContainerItemProxy */;
		};
		8DDB610227ADD52C002AC892 /* PBXTargetDependency */ = {
			isa = PBXTargetDependency;
			target = 8DDB60DF27ADD52A002AC892 /* HackwichThree */;
			targetProxy = 8DDB610127ADD52C002AC892 /* PBXContainerItemProxy */;
		};
/* End PBXTargetDependency section */

/* Begin PBXVariantGroup section */
		8DDB60E927ADD52A002AC892 /* Main.storyboard */ = {
			isa = PBXVariantGroup;
			children = (
				8DDB60EA27ADD52A002AC892 /* Base */,
			);
			name = Main.storyboard;
			sourceTree = "<group>";
		};
		8DDB60EE27ADD52C002AC892 /* LaunchScreen.storyboard */ = {
			isa = PBXVariantGroup;
			children = (
				8DDB60EF27ADD52C002AC892 /* Base */,
			);
			name = LaunchScreen.storyboard;
			sourceTree = "<group>";
		};
/* End PBXVariantGroup section */

/* Begin XCBuildConfiguration section */
		8DDB610827ADD52C002AC892 /* Debug */ = {
			isa = XCBuildConfiguration;
			buildSettings = {
				ALWAYS_SEARCH_USER_PATHS = NO;
				CLANG_ANALYZER_NONNULL = YES;
				CLANG_ANALYZER_NUMBER_OBJECT_CONVERSION = YES_AGGRESSIVE;
				CLANG_CXX_LANGUAGE_STANDARD = "gnu++17";
				CLANG_CXX_LIBRARY = "libc++";
				CLANG_ENABLE_MODULES = YES;
				CLANG_ENABLE_OBJC_ARC = YES;
				CLANG_ENABLE_OBJC_WEAK = YES;
				CLANG_WARN_BLOCK_CAPTURE_AUTORELEASING = YES;
				CLANG_WARN_BOOL_CONVERSION = YES;
				CLANG_WARN_COMMA = YES;
				CLANG_WARN_CONSTANT_CONVERSION = YES;
				CLANG_WARN_DEPRECATED_OBJC_IMPLEMENTATIONS = YES;
				CLANG_WARN_DIRECT_OBJC_ISA_USAGE = YES_ERROR;
				CLANG_WARN_DOCUMENTATION_COMMENTS = YES;
				CLANG_WARN_EMPTY_BODY = YES;
				CLANG_WARN_ENUM_CONVERSION = YES;
				CLANG_WARN_INFINITE_RECURSION = YES;
				CLANG_WARN_INT_CONVERSION = YES;
				CLANG_WARN_NON_LITERAL_NULL_CONVERSION = YES;
				CLANG_WARN_OBJC_IMPLICIT_RETAIN_SELF = YES;
				CLANG_WARN_OBJC_LITERAL_CONVERSION = YES;
				CLANG_WARN_OBJC_ROOT_CLASS = YES_ERROR;
				CLANG_WARN_QUOTED_INCLUDE_IN_FRAMEWORK_HEADER = YES;
				CLANG_WARN_RANGE_LOOP_ANALYSIS = YES;
				CLANG_WARN_STRICT_PROTOTYPES = YES;
				CLANG_WARN_SUSPICIOUS_MOVE = YES;
				CLANG_WARN_UNGUARDED_AVAILABILITY = YES_AGGRESSIVE;
				CLANG_WARN_UNREACHABLE_CODE = YES;
				CLANG_WARN__DUPLICATE_METHOD_MATCH = YES;
				COPY_PHASE_STRIP = NO;
				DEBUG_INFORMATION_FORMAT = dwarf;
				ENABLE_STRICT_OBJC_MSGSEND = YES;
				ENABLE_TESTABILITY = YES;
				GCC_C_LANGUAGE_STANDARD = gnu11;
				GCC_DYNAMIC_NO_PIC = NO;
				GCC_NO_COMMON_BLOCKS = YES;
				GCC_OPTIMIZATION_LEVEL = 0;
				GCC_PREPROCESSOR_DEFINITIONS = (
					"DEBUG=1",
					"$(inherited)",
				);
				GCC_WARN_64_TO_32_BIT_CONVERSION = YES;
				GCC_WARN_ABOUT_RETURN_TYPE = YES_ERROR;
				GCC_WARN_UNDECLARED_SELECTOR = YES;
				GCC_WARN_UNINITIALIZED_AUTOS = YES_AGGRESSIVE;
				GCC_WARN_UNUSED_FUNCTION = YES;
				GCC_WARN_UNUSED_VARIABLE = YES;
				IPHONEOS_DEPLOYMENT_TARGET = 15.2;
				MTL_ENABLE_DEBUG_INFO = INCLUDE_SOURCE;
				MTL_FAST_MATH = YES;
				ONLY_ACTIVE_ARCH = YES;
				SDKROOT = iphoneos;
				SWIFT_ACTIVE_COMPILATION_CONDITIONS = DEBUG;
				SWIFT_OPTIMIZATION_LEVEL = "-Onone";
			};
			name = Debug;
		};
		8DDB610927ADD52C002AC892 /* Release */ = {
			isa = XCBuildConfiguration;
			buildSettings = {
				ALWAYS_SEARCH_USER_PATHS = NO;
				CLANG_ANALYZER_NONNULL = YES;
				CLANG_ANALYZER_NUMBER_OBJECT_CONVERSION = YES_AGGRESSIVE;
				CLANG_CXX_LANGUAGE_STANDARD = "gnu++17";
				CLANG_CXX_LIBRARY = "libc++";
				CLANG_ENABLE_MODULES = YES;
				CLANG_ENABLE_OBJC_ARC = YES;
				CLANG_ENABLE_OBJC_WEAK = YES;
				CLANG_WARN_BLOCK_CAPTURE_AUTORELEASING = YES;
				CLANG_WARN_BOOL_CONVERSION = YES;
				CLANG_WARN_COMMA = YES;
				CLANG_WARN_CONSTANT_CONVERSION = YES;
				CLANG_WARN_DEPRECATED_OBJC_IMPLEMENTATIONS = YES;
				CLANG_WARN_DIRECT_OBJC_ISA_USAGE = YES_ERROR;
				CLANG_WARN_DOCUMENTATION_COMMENTS = YES;
				CLANG_WARN_EMPTY_BODY = YES;
				CLANG_WARN_ENUM_CONVERSION = YES;
				CLANG_WARN_INFINITE_RECURSION = YES;
				CLANG_WARN_INT_CONVERSION = YES;
				CLANG_WARN_NON_LITERAL_NULL_CONVERSION = YES;
				CLANG_WARN_OBJC_IMPLICIT_RETAIN_SELF = YES;
				CLANG_WARN_OBJC_LITERAL_CONVERSION = YES;
				CLANG_WARN_OBJC_ROOT_CLASS = YES_ERROR;
				CLANG_WARN_QUOTED_INCLUDE_IN_FRAMEWORK_HEADER = YES;
				CLANG_WARN_RANGE_LOOP_ANALYSIS = YES;
				CLANG_WARN_STRICT_PROTOTYPES = YES;
				CLANG_WARN_SUSPICIOUS_MOVE = YES;
				CLANG_WARN_UNGUARDED_AVAILABILITY = YES_AGGRESSIVE;
				CLANG_WARN_UNREACHABLE_CODE = YES;
				CLANG_WARN__DUPLICATE_METHOD_MATCH = YES;
				COPY_PHASE_STRIP = NO;
				DEBUG_INFORMATION_FORMAT = "dwarf-with-dsym";
				ENABLE_NS_ASSERTIONS = NO;
				ENABLE_STRICT_OBJC_MSGSEND = YES;
				GCC_C_LANGUAGE_STANDARD = gnu11;
				GCC_NO_COMMON_BLOCKS = YES;
				GCC_WARN_64_TO_32_BIT_CONVERSION = YES;
				GCC_WARN_ABOUT_RETURN_TYPE = YES_ERROR;
				GCC_WARN_UNDECLARED_SELECTOR = YES;
				GCC_WARN_UNINITIALIZED_AUTOS = YES_AGGRESSIVE;
				GCC_WARN_UNUSED_FUNCTION = YES;
				GCC_WARN_UNUSED_VARIABLE = YES;
				IPHONEOS_DEPLOYMENT_TARGET = 15.2;
				MTL_ENABLE_DEBUG_INFO = NO;
				MTL_FAST_MATH = YES;
				SDKROOT = iphoneos;
				SWIFT_COMPILATION_MODE = wholemodule;
				SWIFT_OPTIMIZATION_LEVEL = "-O";
				VALIDATE_PRODUCT = YES;
			};
			name = Release;
		};
		8DDB610B27ADD52C002AC892 /* Debug */ = {
			isa = XCBuildConfiguration;
			buildSettings = {
				ASSETCATALOG_COMPILER_APPICON_NAME = AppIcon;
				ASSETCATALOG_COMPILER_GLOBAL_ACCENT_COLOR_NAME = AccentColor;
				CODE_SIGN_STYLE = Automatic;
				CURRENT_PROJECT_VERSION = 1;
				DEVELOPMENT_TEAM = WDPH94QX78;
				GENERATE_INFOPLIST_FILE = YES;
				INFOPLIST_FILE = HackwichThree/Info.plist;
				INFOPLIST_KEY_UIApplicationSupportsIndirectInputEvents = YES;
				INFOPLIST_KEY_UILaunchStoryboardName = LaunchScreen;
				INFOPLIST_KEY_UIMainStoryboardFile = Main;
				INFOPLIST_KEY_UISupportedInterfaceOrientations_iPad = "UIInterfaceOrientationPortrait UIInterfaceOrientationPortraitUpsideDown UIInterfaceOrientationLandscapeLeft UIInterfaceOrientationLandscapeRight";
				INFOPLIST_KEY_UISupportedInterfaceOrientations_iPhone = "UIInterfaceOrientationPortrait UIInterfaceOrientationLandscapeLeft UIInterfaceOrientationLandscapeRight";
				LD_RUNPATH_SEARCH_PATHS = (
					"$(inherited)",
					"@executable_path/Frameworks",
				);
				MARKETING_VERSION = 1.0;
				PRODUCT_BUNDLE_IDENTIFIER = UHWO.HackwichThree;
				PRODUCT_NAME = "$(TARGET_NAME)";
				SWIFT_EMIT_LOC_STRINGS = YES;
				SWIFT_VERSION = 5.0;
				TARGETED_DEVICE_FAMILY = "1,2";
			};
			name = Debug;
		};
		8DDB610C27ADD52C002AC892 /* Release */ = {
			isa = XCBuildConfiguration;
			buildSettings = {
				ASSETCATALOG_COMPILER_APPICON_NAME = AppIcon;
				ASSETCATALOG_COMPILER_GLOBAL_ACCENT_COLOR_NAME = AccentColor;
				CODE_SIGN_STYLE = Automatic;
				CURRENT_PROJECT_VERSION = 1;
				DEVELOPMENT_TEAM = WDPH94QX78;
				GENERATE_INFOPLIST_FILE = YES;
				INFOPLIST_FILE = HackwichThree/Info.plist;
				INFOPLIST_KEY_UIApplicationSupportsIndirectInputEvents = YES;
				INFOPLIST_KEY_UILaunchStoryboardName = LaunchScreen;
				INFOPLIST_KEY_UIMainStoryboardFile = Main;
				INFOPLIST_KEY_UISupportedInterfaceOrientations_iPad = "UIInterfaceOrientationPortrait UIInterfaceOrientationPortraitUpsideDown UIInterfaceOrientationLandscapeLeft UIInterfaceOrientationLandscapeRight";
				INFOPLIST_KEY_UISupportedInterfaceOrientations_iPhone = "UIInterfaceOrientationPortrait UIInterfaceOrientationLandscapeLeft UIInterfaceOrientationLandscapeRight";
				LD_RUNPATH_SEARCH_PATHS = (
					"$(inherited)",
					"@executable_path/Frameworks",
				);
				MARKETING_VERSION = 1.0;
				PRODUCT_BUNDLE_IDENTIFIER = UHWO.HackwichThree;
				PRODUCT_NAME = "$(TARGET_NAME)";
				SWIFT_EMIT_LOC_STRINGS = YES;
				SWIFT_VERSION = 5.0;
				TARGETED_DEVICE_FAMILY = "1,2";
			};
			name = Release;
		};
		8DDB610E27ADD52C002AC892 /* Debug */ = {
			isa = XCBuildConfiguration;
			buildSettings = {
				ALWAYS_EMBED_SWIFT_STANDARD_LIBRARIES = YES;
				BUNDLE_LOADER = "$(TEST_HOST)";
				CODE_SIGN_STYLE = Automatic;
				CURRENT_PROJECT_VERSION = 1;
				DEVELOPMENT_TEAM = WDPH94QX78;
				GENERATE_INFOPLIST_FILE = YES;
				IPHONEOS_DEPLOYMENT_TARGET = 15.2;
				MARKETING_VERSION = 1.0;
				PRODUCT_BUNDLE_IDENTIFIER = UHWO.HackwichThreeTests;
				PRODUCT_NAME = "$(TARGET_NAME)";
				SWIFT_EMIT_LOC_STRINGS = NO;
				SWIFT_VERSION = 5.0;
				TARGETED_DEVICE_FAMILY = "1,2";
				TEST_HOST = "$(BUILT_PRODUCTS_DIR)/HackwichThree.app/HackwichThree";
			};
			name = Debug;
		};
		8DDB610F27ADD52C002AC892 /* Release */ = {
			isa = XCBuildConfiguration;
			buildSettings = {
				ALWAYS_EMBED_SWIFT_STANDARD_LIBRARIES = YES;
				BUNDLE_LOADER = "$(TEST_HOST)";
				CODE_SIGN_STYLE = Automatic;
				CURRENT_PROJECT_VERSION = 1;
				DEVELOPMENT_TEAM = WDPH94QX78;
				GENERATE_INFOPLIST_FILE = YES;
				IPHONEOS_DEPLOYMENT_TARGET = 15.2;
				MARKETING_VERSION = 1.0;
				PRODUCT_BUNDLE_IDENTIFIER = UHWO.HackwichThreeTests;
				PRODUCT_NAME = "$(TARGET_NAME)";
				SWIFT_EMIT_LOC_STRINGS = NO;
				SWIFT_VERSION = 5.0;
				TARGETED_DEVICE_FAMILY = "1,2";
				TEST_HOST = "$(BUILT_PRODUCTS_DIR)/HackwichThree.app/HackwichThree";
			};
			name = Release;
		};
		8DDB611127ADD52C002AC892 /* Debug */ = {
			isa = XCBuildConfiguration;
			buildSettings = {
				ALWAYS_EMBED_SWIFT_STANDARD_LIBRARIES = YES;
				CODE_SIGN_STYLE = Automatic;
				CURRENT_PROJECT_VERSION = 1;
				DEVELOPMENT_TEAM = WDPH94QX78;
				GENERATE_INFOPLIST_FILE = YES;
				MARKETING_VERSION = 1.0;
				PRODUCT_BUNDLE_IDENTIFIER = UHWO.HackwichThreeUITests;
				PRODUCT_NAME = "$(TARGET_NAME)";
				SWIFT_EMIT_LOC_STRINGS = NO;
				SWIFT_VERSION = 5.0;
				TARGETED_DEVICE_FAMILY = "1,2";
				TEST_TARGET_NAME = HackwichThree;
			};
			name = Debug;
		};
		8DDB611227ADD52C002AC892 /* Release */ = {
			isa = XCBuildConfiguration;
			buildSettings = {
				ALWAYS_EMBED_SWIFT_STANDARD_LIBRARIES = YES;
				CODE_SIGN_STYLE = Automatic;
				CURRENT_PROJECT_VERSION = 1;
				DEVELOPMENT_TEAM = WDPH94QX78;
				GENERATE_INFOPLIST_FILE = YES;
				MARKETING_VERSION = 1.0;
				PRODUCT_BUNDLE_IDENTIFIER = UHWO.HackwichThreeUITests;
				PRODUCT_NAME = "$(TARGET_NAME)";
				SWIFT_EMIT_LOC_STRINGS = NO;
				SWIFT_VERSION = 5.0;
				TARGETED_DEVICE_FAMILY = "1,2";
				TEST_TARGET_NAME = HackwichThree;
			};
			name = Release;
		};
/* End XCBuildConfiguration section */

/* Begin XCConfigurationList section */
		8DDB60DB27ADD52A002AC892 /* Build configuration list for PBXProject "HackwichThree" */ = {
			isa = XCConfigurationList;
			buildConfigurations = (
				8DDB610827ADD52C002AC892 /* Debug */,
				8DDB610927ADD52C002AC892 /* Release */,
			);
			defaultConfigurationIsVisible = 0;
			defaultConfigurationName = Release;
		};
		8DDB610A27ADD52C002AC892 /* Build configuration list for PBXNativeTarget "HackwichThree" */ = {
			isa = XCConfigurationList;
			buildConfigurations = (
				8DDB610B27ADD52C002AC892 /* Debug */,
				8DDB610C27ADD52C002AC892 /* Release */,
			);
			defaultConfigurationIsVisible = 0;
			defaultConfigurationName = Release;
		};
		8DDB610D27ADD52C002AC892 /* Build configuration list for PBXNativeTarget "HackwichThreeTests" */ = {
			isa = XCConfigurationList;
			buildConfigurations = (
				8DDB610E27ADD52C002AC892 /* Debug */,
				8DDB610F27ADD52C002AC892 /* Release */,
			);
			defaultConfigurationIsVisible = 0;
			defaultConfigurationName = Release;
		};
		8DDB611027ADD52C002AC892 /* Build configuration list for PBXNativeTarget "HackwichThreeUITests" */ = {
			isa = XCConfigurationList;
			buildConfigurations = (
				8DDB611127ADD52C002AC892 /* Debug */,
				8DDB611227ADD52C002AC892 /* Release */,
			);
			defaultConfigurationIsVisible = 0;
			defaultConfigurationName = Release;
		};
/* End XCConfigurationList section */
	};
	rootObject = 8DDB60D827ADD52A002AC892 /* Project object */;
}
